
Microsoft Visual Studio Solution File, Format Version 12.00
# Visual Studio Version 17
VisualStudioVersion = 17.4.33205.214
MinimumVisualStudioVersion = 10.0.40219.1
Project("{888888A0-9F3D-457C-B088-3A5042F75D52}") = "Hooking Up", "Hooking Up\Hooking Up.pyproj", "{84616587-392A-4AE0-8534-66A2CFDC519E}"
EndProject
Global
	GlobalSection(SolutionConfigurationPlatforms) = preSolution
		Debug|Any CPU = Debug|Any CPU
		Release|Any CPU = Release|Any CPU
	EndGlobalSection
	GlobalSection(ProjectConfigurationPlatforms) = postSolution
		{84616587-392A-4AE0-8534-66A2CFDC519E}.Debug|Any CPU.ActiveCfg = Debug|Any CPU
		{84616587-392A-4AE0-8534-66A2CFDC519E}.Release|Any CPU.ActiveCfg = Release|Any CPU
	EndGlobalSection
	GlobalSection(SolutionProperties) = preSolution
		HideSolutionNode = FALSE
	EndGlobalSection
	GlobalSection(ExtensibilityGlobals) = postSolution
		SolutionGuid = {D5D963C0-5F49-4EE2-A511-C7ACFB034EC7}
	EndGlobalSection
EndGlobal
